
Microsoft Visual Studio Solution File, Format Version 12.00
# Visual Studio Version 17
VisualStudioVersion = 17.10.35122.118
MinimumVisualStudioVersion = 10.0.40219.1
Project("{00D1A9C2-B5F0-4AF3-8072-F6C62B433612}") = "Dacpac", "Dacpac\Dacpac.sqlproj", "{19CF1BE9-8A7E-4B40-B24C-2D4688D906B8}"
EndProject
Global
	GlobalSection(SolutionConfigurationPlatforms) = preSolution
		Debug|Any CPU = Debug|Any CPU
		Release|Any CPU = Release|Any CPU
	EndGlobalSection
	GlobalSection(ProjectConfigurationPlatforms) = postSolution
		{19CF1BE9-8A7E-4B40-B24C-2D4688D906B8}.Debug|Any CPU.ActiveCfg = Debug|Any CPU
		{19CF1BE9-8A7E-4B40-B24C-2D4688D906B8}.Debug|Any CPU.Build.0 = Debug|Any CPU
		{19CF1BE9-8A7E-4B40-B24C-2D4688D906B8}.Debug|Any CPU.Deploy.0 = Debug|Any CPU
		{19CF1BE9-8A7E-4B40-B24C-2D4688D906B8}.Release|Any CPU.ActiveCfg = Release|Any CPU
		{19CF1BE9-8A7E-4B40-B24C-2D4688D906B8}.Release|Any CPU.Build.0 = Release|Any CPU
		{19CF1BE9-8A7E-4B40-B24C-2D4688D906B8}.Release|Any CPU.Deploy.0 = Release|Any CPU
	EndGlobalSection
	GlobalSection(SolutionProperties) = preSolution
		HideSolutionNode = FALSE
	EndGlobalSection
	GlobalSection(ExtensibilityGlobals) = postSolution
		SolutionGuid = {B2EACD9F-236B-4487-AADD-56F30F4B10F2}
	EndGlobalSection
EndGlobal
